
Microsoft Visual Studio Solution File, Format Version 12.00
# Visual Studio Version 17
VisualStudioVersion = 17.10.34928.147
MinimumVisualStudioVersion = 10.0.40219.1
Project("{9A19103F-16F7-4668-BE54-9A1E7A4F7556}") = "CSGL", "CSGL\CSGL.csproj", "{2F5E1565-D6CF-4518-9F03-8173058B502F}"
EndProject
Project("{9A19103F-16F7-4668-BE54-9A1E7A4F7556}") = "Interface", "Interface\Interface.csproj", "{A7006A28-7617-4D88-8650-A3ADFFC3638D}"
EndProject
Project("{9A19103F-16F7-4668-BE54-9A1E7A4F7556}") = "Logging", "Logging\Logging.csproj", "{15996EF0-F68B-4FCA-8CE4-B776C37E9CE1}"
EndProject
Project("{9A19103F-16F7-4668-BE54-9A1E7A4F7556}") = "ContentPipeline", "ContentPipeline\ContentPipeline.csproj", "{3B205928-D769-4D6C-8A57-76A1E98884E0}"
EndProject
Project("{FAE04EC0-301F-11D3-BF4B-00C04F79EFBC}") = "SharedLibrary", "SharedLibrary\SharedLibrary.csproj", "{B1C8ACB0-74EA-49A7-877C-14D0AEFD7EA5}"
EndProject
Global
	GlobalSection(SolutionConfigurationPlatforms) = preSolution
		Debug|Any CPU = Debug|Any CPU
		Release|Any CPU = Release|Any CPU
	EndGlobalSection
	GlobalSection(ProjectConfigurationPlatforms) = postSolution
		{2F5E1565-D6CF-4518-9F03-8173058B502F}.Debug|Any CPU.ActiveCfg = Debug|Any CPU
		{2F5E1565-D6CF-4518-9F03-8173058B502F}.Debug|Any CPU.Build.0 = Debug|Any CPU
		{2F5E1565-D6CF-4518-9F03-8173058B502F}.Release|Any CPU.ActiveCfg = Release|Any CPU
		{2F5E1565-D6CF-4518-9F03-8173058B502F}.Release|Any CPU.Build.0 = Release|Any CPU
		{A7006A28-7617-4D88-8650-A3ADFFC3638D}.Debug|Any CPU.ActiveCfg = Debug|Any CPU
		{A7006A28-7617-4D88-8650-A3ADFFC3638D}.Debug|Any CPU.Build.0 = Debug|Any CPU
		{A7006A28-7617-4D88-8650-A3ADFFC3638D}.Release|Any CPU.ActiveCfg = Release|Any CPU
		{A7006A28-7617-4D88-8650-A3ADFFC3638D}.Release|Any CPU.Build.0 = Release|Any CPU
		{15996EF0-F68B-4FCA-8CE4-B776C37E9CE1}.Debug|Any CPU.ActiveCfg = Debug|Any CPU
		{15996EF0-F68B-4FCA-8CE4-B776C37E9CE1}.Debug|Any CPU.Build.0 = Debug|Any CPU
		{15996EF0-F68B-4FCA-8CE4-B776C37E9CE1}.Release|Any CPU.ActiveCfg = Release|Any CPU
		{15996EF0-F68B-4FCA-8CE4-B776C37E9CE1}.Release|Any CPU.Build.0 = Release|Any CPU
		{3B205928-D769-4D6C-8A57-76A1E98884E0}.Debug|Any CPU.ActiveCfg = Debug|Any CPU
		{3B205928-D769-4D6C-8A57-76A1E98884E0}.Debug|Any CPU.Build.0 = Debug|Any CPU
		{3B205928-D769-4D6C-8A57-76A1E98884E0}.Release|Any CPU.ActiveCfg = Release|Any CPU
		{3B205928-D769-4D6C-8A57-76A1E98884E0}.Release|Any CPU.Build.0 = Release|Any CPU
		{B1C8ACB0-74EA-49A7-877C-14D0AEFD7EA5}.Debug|Any CPU.ActiveCfg = Debug|Any CPU
		{B1C8ACB0-74EA-49A7-877C-14D0AEFD7EA5}.Debug|Any CPU.Build.0 = Debug|Any CPU
		{B1C8ACB0-74EA-49A7-877C-14D0AEFD7EA5}.Release|Any CPU.ActiveCfg = Release|Any CPU
		{B1C8ACB0-74EA-49A7-877C-14D0AEFD7EA5}.Release|Any CPU.Build.0 = Release|Any CPU
	EndGlobalSection
	GlobalSection(SolutionProperties) = preSolution
		HideSolutionNode = FALSE
	EndGlobalSection
	GlobalSection(ExtensibilityGlobals) = postSolution
		SolutionGuid = {69DFE753-0B8F-4433-8E07-4097E03FC804}
	EndGlobalSection
EndGlobal
